{
    "requires": true,
    "lockfileVersion": 1,
    "dependencies": {
        "carbon": {
            "version": "0.5.0",
            "resolved": "https://registry.npmjs.org/carbon/-/carbon-0.5.0.tgz",
            "integrity": "sha512-t5mGsf+Zx5jgOHJuHhz0v632X/y5Hez/IDJfZwN/8f6ry02cpJCoRrpGlJfpeqvSLPZM04j8iA6oJV2iOCdFhA==",
            "requires": {
                "cohesion": "0.2.x",
                "drip": "1.1.x",
                "electron": "0.4.x",
                "fsagent": "0.3.x",
                "harbor": "0.2.x",
                "sherlock": "*"
            }
        },
        "cohesion": {
            "version": "0.2.0",
            "resolved": "https://registry.npmjs.org/cohesion/-/cohesion-0.2.0.tgz",
            "integrity": "sha512-mlNZA2+Lkig1Wl9tTwa2WxlnKQP2XD/8VeLvejAD7V2q9gfpCujOBqL/DDhTPsyBhm4j83IDHtpiFUYqW5DIpw==",
            "requires": {
                "drip": "1.1.x",
                "sherlock": "*"
            }
        },
        "drip": {
            "version": "1.1.0",
            "resolved": "https://registry.npmjs.org/drip/-/drip-1.1.0.tgz",
            "integrity": "sha512-Db1uWNrndUsEpUSS86wUSAk71O70CBBtht5G9EaK8WsDP8ukOViXSupMog/aLjeAhhf/mMO77Ng04YpwuBtSMg==",
            "requires": {
                "tea-concat": "0.1.0"
            }
        },
        "electron": {
            "version": "0.4.1",
            "resolved": "https://registry.npmjs.org/electron/-/electron-0.4.1.tgz",
            "integrity": "sha512-Df03T/lkxnFmI+yxDTgZcVqc4fLLpZHTnfkUFAlgL8T4h/rIwI/KFBTqPfqIRs9TVo9rv27+YHVx9l/0tiIQ7g==",
            "requires": {
                "drip": "1.1.x"
            }
        },
        "fsagent": {
            "version": "0.3.0",
            "resolved": "https://registry.npmjs.org/fsagent/-/fsagent-0.3.0.tgz",
            "integrity": "sha512-D5/AdF1BeONusfBzKW6jZpQKFH7IRf/p7ZfJ7c8Vs+RrQagpzmfyNrEtv3oo1du6o+khDlJij6G28z8ynbdJZA=="
        },
        "harbor": {
            "version": "0.2.0",
            "resolved": "https://registry.npmjs.org/harbor/-/harbor-0.2.0.tgz",
            "integrity": "sha512-Xb0IijmLy1ffjNTybtvkiqWyu8Te7/CFjPv2IE3SNQi9OoEcBEDxNfmlHoFnTgWqCoJpeqVtBeR7LJVmuwdX7Q=="
        },
        "sherlock": {
            "version": "1.1.0",
            "resolved": "https://registry.npmjs.org/sherlock/-/sherlock-1.1.0.tgz",
            "integrity": "sha512-D2BCFWFZMfElOmY1bryu6lwNTlRMPwyXB//K8XR5hlTxOLory2nqz/n3G/VdABPKU8NXaD90i2JQ+Wwh4cTWoA=="
        },
        "tea-concat": {
            "version": "0.1.0",
            "resolved": "https://registry.npmjs.org/tea-concat/-/tea-concat-0.1.0.tgz",
            "integrity": "sha512-DtBfLLwLBUKht/GDHCsfIyLrygum21JdPW438Srutjj2xVtDNrD0RCP/1TGw9as+R2p3W2nPYtkiGqCpVYes+A=="
        }
    }
}
